
Microsoft Visual Studio Solution File, Format Version 12.00
# Visual Studio 15
VisualStudioVersion = 15.0.27428.2027
MinimumVisualStudioVersion = 10.0.40219.1
Project("{FAE04EC0-301F-11D3-BF4B-00C04F79EFBC}") = "BIM Query Interface", "BIM Query Interface\BIM Query Interface.csproj", "{37B77420-AA92-4DAC-A41F-2DB72785456A}"
EndProject
Project("{FAE04EC0-301F-11D3-BF4B-00C04F79EFBC}") = "UnitTestProject-parser", "UnitTestProject-parser\UnitTestProject-parser.csproj", "{0F538AD5-EFEB-4F6D-8435-942AB58BEE2B}"
EndProject
Global
	GlobalSection(SolutionConfigurationPlatforms) = preSolution
		Debug|Any CPU = Debug|Any CPU
		Release|Any CPU = Release|Any CPU
	EndGlobalSection
	GlobalSection(ProjectConfigurationPlatforms) = postSolution
		{37B77420-AA92-4DAC-A41F-2DB72785456A}.Debug|Any CPU.ActiveCfg = Debug|Any CPU
		{37B77420-AA92-4DAC-A41F-2DB72785456A}.Debug|Any CPU.Build.0 = Debug|Any CPU
		{37B77420-AA92-4DAC-A41F-2DB72785456A}.Release|Any CPU.ActiveCfg = Release|Any CPU
		{37B77420-AA92-4DAC-A41F-2DB72785456A}.Release|Any CPU.Build.0 = Release|Any CPU
		{0F538AD5-EFEB-4F6D-8435-942AB58BEE2B}.Debug|Any CPU.ActiveCfg = Debug|Any CPU
		{0F538AD5-EFEB-4F6D-8435-942AB58BEE2B}.Debug|Any CPU.Build.0 = Debug|Any CPU
		{0F538AD5-EFEB-4F6D-8435-942AB58BEE2B}.Release|Any CPU.ActiveCfg = Release|Any CPU
		{0F538AD5-EFEB-4F6D-8435-942AB58BEE2B}.Release|Any CPU.Build.0 = Release|Any CPU
	EndGlobalSection
	GlobalSection(SolutionProperties) = preSolution
		HideSolutionNode = FALSE
	EndGlobalSection
	GlobalSection(ExtensibilityGlobals) = postSolution
		SolutionGuid = {EB4414E5-BCFD-419D-BA40-72A9CDB824F2}
	EndGlobalSection
EndGlobal
